
Microsoft Visual Studio Solution File, Format Version 12.00
# Visual Studio Version 17
VisualStudioVersion = 17.14.36518.9 d17.14
MinimumVisualStudioVersion = 10.0.40219.1
Project("{FAE04EC0-301F-11D3-BF4B-00C04F79EFBC}") = "Casting_3_5", "Casting_3_5.csproj", "{76F649B3-0E9A-43A6-975B-78F63B503A0B}"
EndProject
Global
	GlobalSection(SolutionConfigurationPlatforms) = preSolution
		Debug|Any CPU = Debug|Any CPU
		Release|Any CPU = Release|Any CPU
	EndGlobalSection
	GlobalSection(ProjectConfigurationPlatforms) = postSolution
		{76F649B3-0E9A-43A6-975B-78F63B503A0B}.Debug|Any CPU.ActiveCfg = Debug|Any CPU
		{76F649B3-0E9A-43A6-975B-78F63B503A0B}.Debug|Any CPU.Build.0 = Debug|Any CPU
		{76F649B3-0E9A-43A6-975B-78F63B503A0B}.Release|Any CPU.ActiveCfg = Release|Any CPU
		{76F649B3-0E9A-43A6-975B-78F63B503A0B}.Release|Any CPU.Build.0 = Release|Any CPU
	EndGlobalSection
	GlobalSection(SolutionProperties) = preSolution
		HideSolutionNode = FALSE
	EndGlobalSection
	GlobalSection(ExtensibilityGlobals) = postSolution
		SolutionGuid = {DA85B560-AB3C-454C-BF4E-86452EC26B09}
	EndGlobalSection
EndGlobal
