<Solution>
  <Project Path="AsyncApp2/AsyncApp2.csproj" Id="8b71a212-1990-4618-9406-3f22aa376f1b" />
  <Project Path="AsyncHttp3App/AsyncHttp3App.csproj" Id="df505354-3a85-46b6-ac56-860fb472b61c" />
  <Project Path="AsyncHttpGetApp/AsyncHttpGetApp.csproj" Id="3c3bbeec-32e7-4755-963f-a586ff35b46f" />
  <Project Path="BasicSyntax/BasicSyntax.csproj" />
  <Project Path="CounterLockApp1/CounterLockApp1.csproj" Id="006e7d53-43d9-4656-bb38-21ded97c8960" />
  <Project Path="MutexApp/MutexApp.csproj" Id="fa0f3a2b-01e7-4f64-ace6-580ce68a83bd" />
  <Project Path="QueuesApp1/QueuesApp1.csproj" Id="8920a13e-52e3-4f7e-ba2f-f58a1d7667bd" />
  <Project Path="TasksApp/TasksApp.csproj" Id="c6f87473-d73e-4f36-b14a-7b27a3a94b3a" />
  <Project Path="ThreadApp3/ThreadApp3.csproj" Id="b14faff6-ccd7-417a-ac2f-9ca0c39aa3a2" />
  <Project Path="ThreadApp4/ThreadApp4.csproj" Id="933800da-6805-4aa0-8fba-9797668ac4ae" />
  <Project Path="ThreadsApp2/ThreadsApp2.csproj" Id="d3073c14-6558-4e2f-9f18-054e7b63aacf" />
  <Project Path="ThreadsSynchronisationApp1/ThreadsSynchronisationApp1.csproj" Id="8bceec88-9839-4898-9f0f-bf7b49850254" />
</Solution>
