<Solution>
  <Project Path="SumApp/SumApp.csproj" />
  <Project Path="SumApp2/SumApp2.csproj" Id="e4663e57-9420-48f5-999f-c910945f0b4d" />
  <Project Path="SumApp3/SumApp3.csproj" Id="35b6edbf-8889-431d-9fb4-a8b8cc2ea177" />
  <Project Path="TasksApp/TasksApp.csproj" Id="62147ac7-cf01-4042-b701-7e6496acda36" />
  <Project Path="ThreadApp2/ThreadApp2.csproj" Id="62bc299c-e597-49b0-9eb0-c24f9ddb8cfd" />
  <Project Path="ThreadApp3/ThreadApp3.csproj" Id="78b0a23e-6b9c-41d6-96e9-0fb48bdf46fe" />
  <Project Path="ThreadApp4/ThreadApp4.csproj" Id="539a6903-39d1-4dd4-9e80-bac433430691" />
  <Project Path="ThreadApp5/ThreadApp5.csproj" Id="e64a2519-0416-400b-aa86-64ccd84c51a3" />
  <Project Path="ThreadsApp1/ThreadsApp1.csproj" Id="6241ed16-415f-4e7d-a9f7-64781ca3c33b" />
  <Project Path="WinFormsApp1/WinFormsApp1.csproj" />
</Solution>
