
Microsoft Visual Studio Solution File, Format Version 12.00
# Visual Studio Version 17
VisualStudioVersion = 17.14.36518.9 d17.14
MinimumVisualStudioVersion = 10.0.40219.1
Project("{FAE04EC0-301F-11D3-BF4B-00C04F79EFBC}") = "TestingTruncation_3_5", "TestingTruncation_3_5.csproj", "{BD716DD5-F3C0-45FC-BCBD-2F2CFF927B1E}"
EndProject
Global
	GlobalSection(SolutionConfigurationPlatforms) = preSolution
		Debug|Any CPU = Debug|Any CPU
		Release|Any CPU = Release|Any CPU
	EndGlobalSection
	GlobalSection(ProjectConfigurationPlatforms) = postSolution
		{BD716DD5-F3C0-45FC-BCBD-2F2CFF927B1E}.Debug|Any CPU.ActiveCfg = Debug|Any CPU
		{BD716DD5-F3C0-45FC-BCBD-2F2CFF927B1E}.Debug|Any CPU.Build.0 = Debug|Any CPU
		{BD716DD5-F3C0-45FC-BCBD-2F2CFF927B1E}.Release|Any CPU.ActiveCfg = Release|Any CPU
		{BD716DD5-F3C0-45FC-BCBD-2F2CFF927B1E}.Release|Any CPU.Build.0 = Release|Any CPU
	EndGlobalSection
	GlobalSection(SolutionProperties) = preSolution
		HideSolutionNode = FALSE
	EndGlobalSection
	GlobalSection(ExtensibilityGlobals) = postSolution
		SolutionGuid = {573796D9-63AD-4408-B82E-E95D74AD7624}
	EndGlobalSection
EndGlobal
