
Microsoft Visual Studio Solution File, Format Version 12.00
# Visual Studio Version 17
VisualStudioVersion = 17.14.36518.9 d17.14
MinimumVisualStudioVersion = 10.0.40219.1
Project("{FAE04EC0-301F-11D3-BF4B-00C04F79EFBC}") = "PassingArguments1_2", "PassingArguments1_2.csproj", "{CEB31A7D-5D41-4D6C-9046-54610DB5D9C6}"
EndProject
Global
	GlobalSection(SolutionConfigurationPlatforms) = preSolution
		Debug|Any CPU = Debug|Any CPU
		Release|Any CPU = Release|Any CPU
	EndGlobalSection
	GlobalSection(ProjectConfigurationPlatforms) = postSolution
		{CEB31A7D-5D41-4D6C-9046-54610DB5D9C6}.Debug|Any CPU.ActiveCfg = Debug|Any CPU
		{CEB31A7D-5D41-4D6C-9046-54610DB5D9C6}.Debug|Any CPU.Build.0 = Debug|Any CPU
		{CEB31A7D-5D41-4D6C-9046-54610DB5D9C6}.Release|Any CPU.ActiveCfg = Release|Any CPU
		{CEB31A7D-5D41-4D6C-9046-54610DB5D9C6}.Release|Any CPU.Build.0 = Release|Any CPU
	EndGlobalSection
	GlobalSection(SolutionProperties) = preSolution
		HideSolutionNode = FALSE
	EndGlobalSection
	GlobalSection(ExtensibilityGlobals) = postSolution
		SolutionGuid = {3F2E832F-CA57-4639-823F-4741B701D3FB}
	EndGlobalSection
EndGlobal
