<Solution>
  <Folder Name="/Solution Items/">
    <File Path="todo.md" />
  </Folder>
  <Project Path="LearningAsyncProject/LearningAsyncProject.csproj" Id="c35ea23a-049d-4aa2-9085-31a967f7e33d" />
  <Project Path="TPWebApp3/TPWebApp3.csproj" Id="b3e6fccd-d030-4904-ac3f-02d83364c3f5" />
</Solution>
