
Microsoft Visual Studio Solution File, Format Version 12.00
# Visual Studio Version 17
VisualStudioVersion = 17.14.36518.9 d17.14
MinimumVisualStudioVersion = 10.0.40219.1
Project("{FAE04EC0-301F-11D3-BF4B-00C04F79EFBC}") = "Students_6_1", "Students_6_1.csproj", "{4585F687-3EA0-4FA0-B4D8-8922CBAF7513}"
EndProject
Global
	GlobalSection(SolutionConfigurationPlatforms) = preSolution
		Debug|Any CPU = Debug|Any CPU
		Release|Any CPU = Release|Any CPU
	EndGlobalSection
	GlobalSection(ProjectConfigurationPlatforms) = postSolution
		{4585F687-3EA0-4FA0-B4D8-8922CBAF7513}.Debug|Any CPU.ActiveCfg = Debug|Any CPU
		{4585F687-3EA0-4FA0-B4D8-8922CBAF7513}.Debug|Any CPU.Build.0 = Debug|Any CPU
		{4585F687-3EA0-4FA0-B4D8-8922CBAF7513}.Release|Any CPU.ActiveCfg = Release|Any CPU
		{4585F687-3EA0-4FA0-B4D8-8922CBAF7513}.Release|Any CPU.Build.0 = Release|Any CPU
	EndGlobalSection
	GlobalSection(SolutionProperties) = preSolution
		HideSolutionNode = FALSE
	EndGlobalSection
	GlobalSection(ExtensibilityGlobals) = postSolution
		SolutionGuid = {365E974F-E08A-43C1-8487-B21044651C31}
	EndGlobalSection
EndGlobal
