
Microsoft Visual Studio Solution File, Format Version 12.00
# Visual Studio Version 17
VisualStudioVersion = 17.14.36518.9 d17.14
MinimumVisualStudioVersion = 10.0.40219.1
Project("{FAE04EC0-301F-11D3-BF4B-00C04F79EFBC}") = "BinObjToBase64String_3_5", "BinObjToBase64String_3_5.csproj", "{121632EE-E075-483D-9021-339D6E827119}"
EndProject
Global
	GlobalSection(SolutionConfigurationPlatforms) = preSolution
		Debug|Any CPU = Debug|Any CPU
		Release|Any CPU = Release|Any CPU
	EndGlobalSection
	GlobalSection(ProjectConfigurationPlatforms) = postSolution
		{121632EE-E075-483D-9021-339D6E827119}.Debug|Any CPU.ActiveCfg = Debug|Any CPU
		{121632EE-E075-483D-9021-339D6E827119}.Debug|Any CPU.Build.0 = Debug|Any CPU
		{121632EE-E075-483D-9021-339D6E827119}.Release|Any CPU.ActiveCfg = Release|Any CPU
		{121632EE-E075-483D-9021-339D6E827119}.Release|Any CPU.Build.0 = Release|Any CPU
	EndGlobalSection
	GlobalSection(SolutionProperties) = preSolution
		HideSolutionNode = FALSE
	EndGlobalSection
	GlobalSection(ExtensibilityGlobals) = postSolution
		SolutionGuid = {C58E3F9F-2C91-40BC-82BC-7ECE1076D040}
	EndGlobalSection
EndGlobal
