
Microsoft Visual Studio Solution File, Format Version 12.00
# Visual Studio Version 17
VisualStudioVersion = 17.14.36518.9 d17.14
MinimumVisualStudioVersion = 10.0.40219.1
Project("{FAE04EC0-301F-11D3-BF4B-00C04F79EFBC}") = "CelciusToFahrenheit_1_4", "CelciusToFahrenheit_1_4.csproj", "{09F391B9-F648-4BC2-B097-0EB284282FF4}"
EndProject
Global
	GlobalSection(SolutionConfigurationPlatforms) = preSolution
		Debug|Any CPU = Debug|Any CPU
		Release|Any CPU = Release|Any CPU
	EndGlobalSection
	GlobalSection(ProjectConfigurationPlatforms) = postSolution
		{09F391B9-F648-4BC2-B097-0EB284282FF4}.Debug|Any CPU.ActiveCfg = Debug|Any CPU
		{09F391B9-F648-4BC2-B097-0EB284282FF4}.Debug|Any CPU.Build.0 = Debug|Any CPU
		{09F391B9-F648-4BC2-B097-0EB284282FF4}.Release|Any CPU.ActiveCfg = Release|Any CPU
		{09F391B9-F648-4BC2-B097-0EB284282FF4}.Release|Any CPU.Build.0 = Release|Any CPU
	EndGlobalSection
	GlobalSection(SolutionProperties) = preSolution
		HideSolutionNode = FALSE
	EndGlobalSection
	GlobalSection(ExtensibilityGlobals) = postSolution
		SolutionGuid = {CA233AF4-A34A-4E6E-861F-5749698B0EF9}
	EndGlobalSection
EndGlobal
