
Microsoft Visual Studio Solution File, Format Version 12.00
# Visual Studio Version 17
VisualStudioVersion = 17.14.36518.9 d17.14
MinimumVisualStudioVersion = 10.0.40219.1
Project("{FAE04EC0-301F-11D3-BF4B-00C04F79EFBC}") = "PartialProgram3_18_1", "PartialProgram3_18_1.csproj", "{62008835-3F32-453E-B1A5-497855C73AE9}"
EndProject
Global
	GlobalSection(SolutionConfigurationPlatforms) = preSolution
		Debug|Any CPU = Debug|Any CPU
		Release|Any CPU = Release|Any CPU
	EndGlobalSection
	GlobalSection(ProjectConfigurationPlatforms) = postSolution
		{62008835-3F32-453E-B1A5-497855C73AE9}.Debug|Any CPU.ActiveCfg = Debug|Any CPU
		{62008835-3F32-453E-B1A5-497855C73AE9}.Debug|Any CPU.Build.0 = Debug|Any CPU
		{62008835-3F32-453E-B1A5-497855C73AE9}.Release|Any CPU.ActiveCfg = Release|Any CPU
		{62008835-3F32-453E-B1A5-497855C73AE9}.Release|Any CPU.Build.0 = Release|Any CPU
	EndGlobalSection
	GlobalSection(SolutionProperties) = preSolution
		HideSolutionNode = FALSE
	EndGlobalSection
	GlobalSection(ExtensibilityGlobals) = postSolution
		SolutionGuid = {B0930A1D-9DB1-476D-8886-77B40482BF09}
	EndGlobalSection
EndGlobal
