
Microsoft Visual Studio Solution File, Format Version 12.00
# Visual Studio Version 17
VisualStudioVersion = 17.14.36518.9 d17.14
MinimumVisualStudioVersion = 10.0.40219.1
Project("{FAE04EC0-301F-11D3-BF4B-00C04F79EFBC}") = "ForEach_Vs_IEnumerator_3_3", "ForEach_Vs_IEnumerator_3_3.csproj", "{ECC228AF-2F9F-4443-ACB5-83EA11FB1A08}"
EndProject
Global
	GlobalSection(SolutionConfigurationPlatforms) = preSolution
		Debug|Any CPU = Debug|Any CPU
		Release|Any CPU = Release|Any CPU
	EndGlobalSection
	GlobalSection(ProjectConfigurationPlatforms) = postSolution
		{ECC228AF-2F9F-4443-ACB5-83EA11FB1A08}.Debug|Any CPU.ActiveCfg = Debug|Any CPU
		{ECC228AF-2F9F-4443-ACB5-83EA11FB1A08}.Debug|Any CPU.Build.0 = Debug|Any CPU
		{ECC228AF-2F9F-4443-ACB5-83EA11FB1A08}.Release|Any CPU.ActiveCfg = Release|Any CPU
		{ECC228AF-2F9F-4443-ACB5-83EA11FB1A08}.Release|Any CPU.Build.0 = Release|Any CPU
	EndGlobalSection
	GlobalSection(SolutionProperties) = preSolution
		HideSolutionNode = FALSE
	EndGlobalSection
	GlobalSection(ExtensibilityGlobals) = postSolution
		SolutionGuid = {DB8D7A40-E653-43B4-ABD4-CD1C42A55006}
	EndGlobalSection
EndGlobal
