
Microsoft Visual Studio Solution File, Format Version 12.00
# Visual Studio Version 17
VisualStudioVersion = 17.14.36518.9 d17.14
MinimumVisualStudioVersion = 10.0.40219.1
Project("{FAE04EC0-301F-11D3-BF4B-00C04F79EFBC}") = "ClsLib_5_2_1", "ClsLib_5_2_1.csproj", "{32FDF300-9F33-4676-A3DD-A78A1A385A48}"
EndProject
Global
	GlobalSection(SolutionConfigurationPlatforms) = preSolution
		Debug|Any CPU = Debug|Any CPU
		Release|Any CPU = Release|Any CPU
	EndGlobalSection
	GlobalSection(ProjectConfigurationPlatforms) = postSolution
		{32FDF300-9F33-4676-A3DD-A78A1A385A48}.Debug|Any CPU.ActiveCfg = Debug|Any CPU
		{32FDF300-9F33-4676-A3DD-A78A1A385A48}.Debug|Any CPU.Build.0 = Debug|Any CPU
		{32FDF300-9F33-4676-A3DD-A78A1A385A48}.Release|Any CPU.ActiveCfg = Release|Any CPU
		{32FDF300-9F33-4676-A3DD-A78A1A385A48}.Release|Any CPU.Build.0 = Release|Any CPU
	EndGlobalSection
	GlobalSection(SolutionProperties) = preSolution
		HideSolutionNode = FALSE
	EndGlobalSection
	GlobalSection(ExtensibilityGlobals) = postSolution
		SolutionGuid = {46211418-B448-437B-8FCB-7101DF9DE0D7}
	EndGlobalSection
EndGlobal
