
Microsoft Visual Studio Solution File, Format Version 12.00
# Visual Studio Version 17
VisualStudioVersion = 17.14.36518.9 d17.14
MinimumVisualStudioVersion = 10.0.40219.1
Project("{FAE04EC0-301F-11D3-BF4B-00C04F79EFBC}") = "TimesTable2_4_3", "TimesTable2_4_3.csproj", "{48F4C8A5-B314-4DAD-8CE8-AD9D9B4E4B48}"
EndProject
Global
	GlobalSection(SolutionConfigurationPlatforms) = preSolution
		Debug|Any CPU = Debug|Any CPU
		Release|Any CPU = Release|Any CPU
	EndGlobalSection
	GlobalSection(ProjectConfigurationPlatforms) = postSolution
		{48F4C8A5-B314-4DAD-8CE8-AD9D9B4E4B48}.Debug|Any CPU.ActiveCfg = Debug|Any CPU
		{48F4C8A5-B314-4DAD-8CE8-AD9D9B4E4B48}.Debug|Any CPU.Build.0 = Debug|Any CPU
		{48F4C8A5-B314-4DAD-8CE8-AD9D9B4E4B48}.Release|Any CPU.ActiveCfg = Release|Any CPU
		{48F4C8A5-B314-4DAD-8CE8-AD9D9B4E4B48}.Release|Any CPU.Build.0 = Release|Any CPU
	EndGlobalSection
	GlobalSection(SolutionProperties) = preSolution
		HideSolutionNode = FALSE
	EndGlobalSection
	GlobalSection(ExtensibilityGlobals) = postSolution
		SolutionGuid = {8D520D7B-9DAF-4350-9D3D-C8BDFB6954CC}
	EndGlobalSection
EndGlobal
