
Microsoft Visual Studio Solution File, Format Version 12.00
# Visual Studio Version 17
VisualStudioVersion = 17.14.36518.9 d17.14
MinimumVisualStudioVersion = 10.0.40219.1
Project("{FAE04EC0-301F-11D3-BF4B-00C04F79EFBC}") = "Dice_2_1", "Dice_2_1.csproj", "{96B59BDB-C1D9-4817-9889-FF4AC5B37194}"
EndProject
Global
	GlobalSection(SolutionConfigurationPlatforms) = preSolution
		Debug|Any CPU = Debug|Any CPU
		Release|Any CPU = Release|Any CPU
	EndGlobalSection
	GlobalSection(ProjectConfigurationPlatforms) = postSolution
		{96B59BDB-C1D9-4817-9889-FF4AC5B37194}.Debug|Any CPU.ActiveCfg = Debug|Any CPU
		{96B59BDB-C1D9-4817-9889-FF4AC5B37194}.Debug|Any CPU.Build.0 = Debug|Any CPU
		{96B59BDB-C1D9-4817-9889-FF4AC5B37194}.Release|Any CPU.ActiveCfg = Release|Any CPU
		{96B59BDB-C1D9-4817-9889-FF4AC5B37194}.Release|Any CPU.Build.0 = Release|Any CPU
	EndGlobalSection
	GlobalSection(SolutionProperties) = preSolution
		HideSolutionNode = FALSE
	EndGlobalSection
	GlobalSection(ExtensibilityGlobals) = postSolution
		SolutionGuid = {D1010CEF-831D-40DD-8C52-6853EE23C83A}
	EndGlobalSection
EndGlobal
