
Microsoft Visual Studio Solution File, Format Version 12.00
# Visual Studio Version 17
VisualStudioVersion = 17.14.36511.14 d17.14
MinimumVisualStudioVersion = 10.0.40219.1
Project("{FAE04EC0-301F-11D3-BF4B-00C04F79EFBC}") = "OutputEscapeSeqs_1_3", "OutputEscapeSeqs_1_3.csproj", "{8A3B5025-1299-45A0-897A-BCDB1174B266}"
EndProject
Global
	GlobalSection(SolutionConfigurationPlatforms) = preSolution
		Debug|Any CPU = Debug|Any CPU
		Release|Any CPU = Release|Any CPU
	EndGlobalSection
	GlobalSection(ProjectConfigurationPlatforms) = postSolution
		{8A3B5025-1299-45A0-897A-BCDB1174B266}.Debug|Any CPU.ActiveCfg = Debug|Any CPU
		{8A3B5025-1299-45A0-897A-BCDB1174B266}.Debug|Any CPU.Build.0 = Debug|Any CPU
		{8A3B5025-1299-45A0-897A-BCDB1174B266}.Release|Any CPU.ActiveCfg = Release|Any CPU
		{8A3B5025-1299-45A0-897A-BCDB1174B266}.Release|Any CPU.Build.0 = Release|Any CPU
	EndGlobalSection
	GlobalSection(SolutionProperties) = preSolution
		HideSolutionNode = FALSE
	EndGlobalSection
	GlobalSection(ExtensibilityGlobals) = postSolution
		SolutionGuid = {3F3F759E-2B3F-4912-95E2-723D875DB6D1}
	EndGlobalSection
EndGlobal
