
Microsoft Visual Studio Solution File, Format Version 12.00
# Visual Studio Version 17
VisualStudioVersion = 17.14.36518.9 d17.14
MinimumVisualStudioVersion = 10.0.40219.1
Project("{FAE04EC0-301F-11D3-BF4B-00C04F79EFBC}") = "Arrays_3_3", "Arrays_3_3.csproj", "{1FDB94C6-0313-4856-B770-62B535B7AD42}"
EndProject
Global
	GlobalSection(SolutionConfigurationPlatforms) = preSolution
		Debug|Any CPU = Debug|Any CPU
		Release|Any CPU = Release|Any CPU
	EndGlobalSection
	GlobalSection(ProjectConfigurationPlatforms) = postSolution
		{1FDB94C6-0313-4856-B770-62B535B7AD42}.Debug|Any CPU.ActiveCfg = Debug|Any CPU
		{1FDB94C6-0313-4856-B770-62B535B7AD42}.Debug|Any CPU.Build.0 = Debug|Any CPU
		{1FDB94C6-0313-4856-B770-62B535B7AD42}.Release|Any CPU.ActiveCfg = Release|Any CPU
		{1FDB94C6-0313-4856-B770-62B535B7AD42}.Release|Any CPU.Build.0 = Release|Any CPU
	EndGlobalSection
	GlobalSection(SolutionProperties) = preSolution
		HideSolutionNode = FALSE
	EndGlobalSection
	GlobalSection(ExtensibilityGlobals) = postSolution
		SolutionGuid = {4DDC4C00-61BE-402B-B73B-A173976F4210}
	EndGlobalSection
EndGlobal
