
Microsoft Visual Studio Solution File, Format Version 12.00
# Visual Studio Version 17
VisualStudioVersion = 17.14.36518.9 d17.14
MinimumVisualStudioVersion = 10.0.40219.1
Project("{FAE04EC0-301F-11D3-BF4B-00C04F79EFBC}") = "GetMaxMins", "GetMaxMins.csproj", "{63B9194A-D8A3-42D6-91CB-43A701AA6795}"
EndProject
Global
	GlobalSection(SolutionConfigurationPlatforms) = preSolution
		Debug|Any CPU = Debug|Any CPU
		Release|Any CPU = Release|Any CPU
	EndGlobalSection
	GlobalSection(ProjectConfigurationPlatforms) = postSolution
		{63B9194A-D8A3-42D6-91CB-43A701AA6795}.Debug|Any CPU.ActiveCfg = Debug|Any CPU
		{63B9194A-D8A3-42D6-91CB-43A701AA6795}.Debug|Any CPU.Build.0 = Debug|Any CPU
		{63B9194A-D8A3-42D6-91CB-43A701AA6795}.Release|Any CPU.ActiveCfg = Release|Any CPU
		{63B9194A-D8A3-42D6-91CB-43A701AA6795}.Release|Any CPU.Build.0 = Release|Any CPU
	EndGlobalSection
	GlobalSection(SolutionProperties) = preSolution
		HideSolutionNode = FALSE
	EndGlobalSection
	GlobalSection(ExtensibilityGlobals) = postSolution
		SolutionGuid = {E3093093-685A-47D9-8CF9-4832837E1062}
	EndGlobalSection
EndGlobal
