
Microsoft Visual Studio Solution File, Format Version 12.00
# Visual Studio Version 17
VisualStudioVersion = 17.14.36603.0
MinimumVisualStudioVersion = 10.0.40219.1
Project("{FAE04EC0-301F-11D3-BF4B-00C04F79EFBC}") = "SharedClassesLibrary", "ClassLibrary1\SharedClassesLibrary.csproj", "{DCD48AD7-9AC4-4A2E-8560-F87FDA64B7A5}"
EndProject
Project("{FAE04EC0-301F-11D3-BF4B-00C04F79EFBC}") = "PeopleApp", "PeopleApp\PeopleApp.csproj", "{39197224-F039-41E3-AC7F-C87357DD57FA}"
EndProject
Project("{FAE04EC0-301F-11D3-BF4B-00C04F79EFBC}") = "SharedLibraryProjectNet2", "SharedLibraryProjectNet2\SharedLibraryProjectNet2.csproj", "{8908D11F-FE82-4E8C-943E-8CA13AA701FF}"
EndProject
Project("{FAE04EC0-301F-11D3-BF4B-00C04F79EFBC}") = "PplApp2", "PointsApp3\PplApp2.csproj", "{1DB0DDBF-769B-4C73-AF01-26DF9DE370CF}"
EndProject
Project("{FAE04EC0-301F-11D3-BF4B-00C04F79EFBC}") = "PointsApp2v2", "PointsApp2v2\PointsApp2v2.csproj", "{BC14BEEB-9835-4779-AF7E-C5F5F8E13046}"
EndProject
Project("{FAE04EC0-301F-11D3-BF4B-00C04F79EFBC}") = "NullHandling", "NullHandling\NullHandling.csproj", "{C93E1571-021A-4982-BA17-A60A17872952}"
EndProject
Project("{FAE04EC0-301F-11D3-BF4B-00C04F79EFBC}") = "NullHandling2", "NullHandling2\NullHandling2.csproj", "{BBA167AC-E607-4F6D-9D4F-ABD5772F56C0}"
EndProject
Project("{FAE04EC0-301F-11D3-BF4B-00C04F79EFBC}") = "InterfaceAbstractProject", "InterfaceAbstractProject\InterfaceAbstractProject.csproj", "{7443D530-45EA-4CAE-867D-2C51719B44FC}"
EndProject
Project("{FAE04EC0-301F-11D3-BF4B-00C04F79EFBC}") = "CarApp3", "CarApp3\CarApp3.csproj", "{B90305E7-087F-40E7-9627-3B79BD96485C}"
EndProject
Global
	GlobalSection(SolutionConfigurationPlatforms) = preSolution
		Debug|Any CPU = Debug|Any CPU
		Release|Any CPU = Release|Any CPU
	EndGlobalSection
	GlobalSection(ProjectConfigurationPlatforms) = postSolution
		{DCD48AD7-9AC4-4A2E-8560-F87FDA64B7A5}.Debug|Any CPU.ActiveCfg = Debug|Any CPU
		{DCD48AD7-9AC4-4A2E-8560-F87FDA64B7A5}.Debug|Any CPU.Build.0 = Debug|Any CPU
		{DCD48AD7-9AC4-4A2E-8560-F87FDA64B7A5}.Release|Any CPU.ActiveCfg = Release|Any CPU
		{DCD48AD7-9AC4-4A2E-8560-F87FDA64B7A5}.Release|Any CPU.Build.0 = Release|Any CPU
		{39197224-F039-41E3-AC7F-C87357DD57FA}.Debug|Any CPU.ActiveCfg = Debug|Any CPU
		{39197224-F039-41E3-AC7F-C87357DD57FA}.Debug|Any CPU.Build.0 = Debug|Any CPU
		{39197224-F039-41E3-AC7F-C87357DD57FA}.Release|Any CPU.ActiveCfg = Release|Any CPU
		{39197224-F039-41E3-AC7F-C87357DD57FA}.Release|Any CPU.Build.0 = Release|Any CPU
		{8908D11F-FE82-4E8C-943E-8CA13AA701FF}.Debug|Any CPU.ActiveCfg = Debug|Any CPU
		{8908D11F-FE82-4E8C-943E-8CA13AA701FF}.Debug|Any CPU.Build.0 = Debug|Any CPU
		{8908D11F-FE82-4E8C-943E-8CA13AA701FF}.Release|Any CPU.ActiveCfg = Release|Any CPU
		{8908D11F-FE82-4E8C-943E-8CA13AA701FF}.Release|Any CPU.Build.0 = Release|Any CPU
		{1DB0DDBF-769B-4C73-AF01-26DF9DE370CF}.Debug|Any CPU.ActiveCfg = Debug|Any CPU
		{1DB0DDBF-769B-4C73-AF01-26DF9DE370CF}.Debug|Any CPU.Build.0 = Debug|Any CPU
		{1DB0DDBF-769B-4C73-AF01-26DF9DE370CF}.Release|Any CPU.ActiveCfg = Release|Any CPU
		{1DB0DDBF-769B-4C73-AF01-26DF9DE370CF}.Release|Any CPU.Build.0 = Release|Any CPU
		{BC14BEEB-9835-4779-AF7E-C5F5F8E13046}.Debug|Any CPU.ActiveCfg = Debug|Any CPU
		{BC14BEEB-9835-4779-AF7E-C5F5F8E13046}.Debug|Any CPU.Build.0 = Debug|Any CPU
		{BC14BEEB-9835-4779-AF7E-C5F5F8E13046}.Release|Any CPU.ActiveCfg = Release|Any CPU
		{BC14BEEB-9835-4779-AF7E-C5F5F8E13046}.Release|Any CPU.Build.0 = Release|Any CPU
		{C93E1571-021A-4982-BA17-A60A17872952}.Debug|Any CPU.ActiveCfg = Debug|Any CPU
		{C93E1571-021A-4982-BA17-A60A17872952}.Debug|Any CPU.Build.0 = Debug|Any CPU
		{C93E1571-021A-4982-BA17-A60A17872952}.Release|Any CPU.ActiveCfg = Release|Any CPU
		{C93E1571-021A-4982-BA17-A60A17872952}.Release|Any CPU.Build.0 = Release|Any CPU
		{BBA167AC-E607-4F6D-9D4F-ABD5772F56C0}.Debug|Any CPU.ActiveCfg = Debug|Any CPU
		{BBA167AC-E607-4F6D-9D4F-ABD5772F56C0}.Debug|Any CPU.Build.0 = Debug|Any CPU
		{BBA167AC-E607-4F6D-9D4F-ABD5772F56C0}.Release|Any CPU.ActiveCfg = Release|Any CPU
		{BBA167AC-E607-4F6D-9D4F-ABD5772F56C0}.Release|Any CPU.Build.0 = Release|Any CPU
		{7443D530-45EA-4CAE-867D-2C51719B44FC}.Debug|Any CPU.ActiveCfg = Debug|Any CPU
		{7443D530-45EA-4CAE-867D-2C51719B44FC}.Debug|Any CPU.Build.0 = Debug|Any CPU
		{7443D530-45EA-4CAE-867D-2C51719B44FC}.Release|Any CPU.ActiveCfg = Release|Any CPU
		{7443D530-45EA-4CAE-867D-2C51719B44FC}.Release|Any CPU.Build.0 = Release|Any CPU
		{B90305E7-087F-40E7-9627-3B79BD96485C}.Debug|Any CPU.ActiveCfg = Debug|Any CPU
		{B90305E7-087F-40E7-9627-3B79BD96485C}.Debug|Any CPU.Build.0 = Debug|Any CPU
		{B90305E7-087F-40E7-9627-3B79BD96485C}.Release|Any CPU.ActiveCfg = Release|Any CPU
		{B90305E7-087F-40E7-9627-3B79BD96485C}.Release|Any CPU.Build.0 = Release|Any CPU
	EndGlobalSection
	GlobalSection(SolutionProperties) = preSolution
		HideSolutionNode = FALSE
	EndGlobalSection
	GlobalSection(ExtensibilityGlobals) = postSolution
		SolutionGuid = {F4D47632-64FF-44D0-979E-C4798BA0FF83}
	EndGlobalSection
EndGlobal
