
Microsoft Visual Studio Solution File, Format Version 12.00
# Visual Studio Version 17
VisualStudioVersion = 17.14.36518.9 d17.14
MinimumVisualStudioVersion = 10.0.40219.1
Project("{FAE04EC0-301F-11D3-BF4B-00C04F79EFBC}") = "HandlingExceptions_3_6", "HandlingExceptions_3_6.csproj", "{73154E1D-D756-4362-AC74-D5E3620DF7B4}"
EndProject
Global
	GlobalSection(SolutionConfigurationPlatforms) = preSolution
		Debug|Any CPU = Debug|Any CPU
		Release|Any CPU = Release|Any CPU
	EndGlobalSection
	GlobalSection(ProjectConfigurationPlatforms) = postSolution
		{73154E1D-D756-4362-AC74-D5E3620DF7B4}.Debug|Any CPU.ActiveCfg = Debug|Any CPU
		{73154E1D-D756-4362-AC74-D5E3620DF7B4}.Debug|Any CPU.Build.0 = Debug|Any CPU
		{73154E1D-D756-4362-AC74-D5E3620DF7B4}.Release|Any CPU.ActiveCfg = Release|Any CPU
		{73154E1D-D756-4362-AC74-D5E3620DF7B4}.Release|Any CPU.Build.0 = Release|Any CPU
	EndGlobalSection
	GlobalSection(SolutionProperties) = preSolution
		HideSolutionNode = FALSE
	EndGlobalSection
	GlobalSection(ExtensibilityGlobals) = postSolution
		SolutionGuid = {371C9ABF-C8DF-4FDD-A348-326568D11F6F}
	EndGlobalSection
EndGlobal
