
Microsoft Visual Studio Solution File, Format Version 12.00
# Visual Studio Version 17
VisualStudioVersion = 17.14.36518.9 d17.14
MinimumVisualStudioVersion = 10.0.40219.1
Project("{FAE04EC0-301F-11D3-BF4B-00C04F79EFBC}") = "UsingReflection_2", "UsingReflection_2.csproj", "{BCFD8EF0-43D7-4129-84AE-A4018D38EDF6}"
EndProject
Global
	GlobalSection(SolutionConfigurationPlatforms) = preSolution
		Debug|Any CPU = Debug|Any CPU
		Release|Any CPU = Release|Any CPU
	EndGlobalSection
	GlobalSection(ProjectConfigurationPlatforms) = postSolution
		{BCFD8EF0-43D7-4129-84AE-A4018D38EDF6}.Debug|Any CPU.ActiveCfg = Debug|Any CPU
		{BCFD8EF0-43D7-4129-84AE-A4018D38EDF6}.Debug|Any CPU.Build.0 = Debug|Any CPU
		{BCFD8EF0-43D7-4129-84AE-A4018D38EDF6}.Release|Any CPU.ActiveCfg = Release|Any CPU
		{BCFD8EF0-43D7-4129-84AE-A4018D38EDF6}.Release|Any CPU.Build.0 = Release|Any CPU
	EndGlobalSection
	GlobalSection(SolutionProperties) = preSolution
		HideSolutionNode = FALSE
	EndGlobalSection
	GlobalSection(ExtensibilityGlobals) = postSolution
		SolutionGuid = {171F17C3-70AA-4099-9DF3-0FE3D66AEB10}
	EndGlobalSection
EndGlobal
