
Microsoft Visual Studio Solution File, Format Version 12.00
# Visual Studio Version 17
VisualStudioVersion = 17.14.36518.9 d17.14
MinimumVisualStudioVersion = 10.0.40219.1
Project("{FAE04EC0-301F-11D3-BF4B-00C04F79EFBC}") = "Ch5Soln1", "Ch5Soln1.csproj", "{5B064301-A725-4858-8284-D631189AB721}"
EndProject
Global
	GlobalSection(SolutionConfigurationPlatforms) = preSolution
		Debug|Any CPU = Debug|Any CPU
		Release|Any CPU = Release|Any CPU
	EndGlobalSection
	GlobalSection(ProjectConfigurationPlatforms) = postSolution
		{5B064301-A725-4858-8284-D631189AB721}.Debug|Any CPU.ActiveCfg = Debug|Any CPU
		{5B064301-A725-4858-8284-D631189AB721}.Debug|Any CPU.Build.0 = Debug|Any CPU
		{5B064301-A725-4858-8284-D631189AB721}.Release|Any CPU.ActiveCfg = Release|Any CPU
		{5B064301-A725-4858-8284-D631189AB721}.Release|Any CPU.Build.0 = Release|Any CPU
	EndGlobalSection
	GlobalSection(SolutionProperties) = preSolution
		HideSolutionNode = FALSE
	EndGlobalSection
	GlobalSection(ExtensibilityGlobals) = postSolution
		SolutionGuid = {086B05AE-BE19-40C1-92FA-C71888ECC5DD}
	EndGlobalSection
EndGlobal
