<Solution>
  <Project Path="PeopleApp/PeopleApp.csproj" />
  <Project Path="TPCalcLibForTesting/TPCalcLibForTesting.csproj" />
  <Project Path="TPCalcLibUnitTests/TPCalcLibUnitTests.csproj" />
  <Project Path="TPSharedLibraryNet2/TPSharedLibraryNet2.csproj" />
  <Project Path="TPSharedLibraryNet2UnitTests/TPSharedLibraryNet2UnitTests.csproj" />
  <Project Path="WorldApp/WorldApp.csproj" />
</Solution>
