
Microsoft Visual Studio Solution File, Format Version 12.00
# Visual Studio Version 17
VisualStudioVersion = 17.14.36518.9 d17.14
MinimumVisualStudioVersion = 10.0.40219.1
Project("{FAE04EC0-301F-11D3-BF4B-00C04F79EFBC}") = "ClassGrader_1_5", "ClassGrader_1_5.csproj", "{0CD77778-3F92-4877-881C-443AEB72DE10}"
EndProject
Global
	GlobalSection(SolutionConfigurationPlatforms) = preSolution
		Debug|Any CPU = Debug|Any CPU
		Release|Any CPU = Release|Any CPU
	EndGlobalSection
	GlobalSection(ProjectConfigurationPlatforms) = postSolution
		{0CD77778-3F92-4877-881C-443AEB72DE10}.Debug|Any CPU.ActiveCfg = Debug|Any CPU
		{0CD77778-3F92-4877-881C-443AEB72DE10}.Debug|Any CPU.Build.0 = Debug|Any CPU
		{0CD77778-3F92-4877-881C-443AEB72DE10}.Release|Any CPU.ActiveCfg = Release|Any CPU
		{0CD77778-3F92-4877-881C-443AEB72DE10}.Release|Any CPU.Build.0 = Release|Any CPU
	EndGlobalSection
	GlobalSection(SolutionProperties) = preSolution
		HideSolutionNode = FALSE
	EndGlobalSection
	GlobalSection(ExtensibilityGlobals) = postSolution
		SolutionGuid = {02104A5D-D28A-4B49-8CB7-615C722CA9DE}
	EndGlobalSection
EndGlobal
