
Microsoft Visual Studio Solution File, Format Version 12.00
# Visual Studio Version 17
VisualStudioVersion = 17.14.36518.9 d17.14
MinimumVisualStudioVersion = 10.0.40219.1
Project("{FAE04EC0-301F-11D3-BF4B-00C04F79EFBC}") = "GridBounds_3_3", "GridBounds_3_3.csproj", "{A18393A7-13CF-4830-9EA0-1711E3F7825B}"
EndProject
Global
	GlobalSection(SolutionConfigurationPlatforms) = preSolution
		Debug|Any CPU = Debug|Any CPU
		Release|Any CPU = Release|Any CPU
	EndGlobalSection
	GlobalSection(ProjectConfigurationPlatforms) = postSolution
		{A18393A7-13CF-4830-9EA0-1711E3F7825B}.Debug|Any CPU.ActiveCfg = Debug|Any CPU
		{A18393A7-13CF-4830-9EA0-1711E3F7825B}.Debug|Any CPU.Build.0 = Debug|Any CPU
		{A18393A7-13CF-4830-9EA0-1711E3F7825B}.Release|Any CPU.ActiveCfg = Release|Any CPU
		{A18393A7-13CF-4830-9EA0-1711E3F7825B}.Release|Any CPU.Build.0 = Release|Any CPU
	EndGlobalSection
	GlobalSection(SolutionProperties) = preSolution
		HideSolutionNode = FALSE
	EndGlobalSection
	GlobalSection(ExtensibilityGlobals) = postSolution
		SolutionGuid = {B17E5F7D-BD6F-467D-9330-83ABA8242E21}
	EndGlobalSection
EndGlobal
