
Microsoft Visual Studio Solution File, Format Version 12.00
# Visual Studio Version 17
VisualStudioVersion = 17.14.36705.20
MinimumVisualStudioVersion = 10.0.40219.1
Project("{FAE04EC0-301F-11D3-BF4B-00C04F79EFBC}") = "AssembliesAndNamespaces", "AssembliesAndNamespaces\AssembliesAndNamespaces.csproj", "{2E462A36-D369-4C95-99C4-CFFCFA05136F}"
EndProject
Project("{FAE04EC0-301F-11D3-BF4B-00C04F79EFBC}") = "DotNetEverywhere", "DotNetEverywhere\DotNetEverywhere.csproj", "{4215B005-484D-4F6D-91A9-4FAFC898B90E}"
EndProject
Global
	GlobalSection(SolutionConfigurationPlatforms) = preSolution
		Debug|Any CPU = Debug|Any CPU
		Release|Any CPU = Release|Any CPU
	EndGlobalSection
	GlobalSection(ProjectConfigurationPlatforms) = postSolution
		{2E462A36-D369-4C95-99C4-CFFCFA05136F}.Debug|Any CPU.ActiveCfg = Debug|Any CPU
		{2E462A36-D369-4C95-99C4-CFFCFA05136F}.Debug|Any CPU.Build.0 = Debug|Any CPU
		{2E462A36-D369-4C95-99C4-CFFCFA05136F}.Release|Any CPU.ActiveCfg = Release|Any CPU
		{2E462A36-D369-4C95-99C4-CFFCFA05136F}.Release|Any CPU.Build.0 = Release|Any CPU
		{4215B005-484D-4F6D-91A9-4FAFC898B90E}.Debug|Any CPU.ActiveCfg = Debug|Any CPU
		{4215B005-484D-4F6D-91A9-4FAFC898B90E}.Debug|Any CPU.Build.0 = Debug|Any CPU
		{4215B005-484D-4F6D-91A9-4FAFC898B90E}.Release|Any CPU.ActiveCfg = Release|Any CPU
		{4215B005-484D-4F6D-91A9-4FAFC898B90E}.Release|Any CPU.Build.0 = Release|Any CPU
	EndGlobalSection
	GlobalSection(SolutionProperties) = preSolution
		HideSolutionNode = FALSE
	EndGlobalSection
	GlobalSection(ExtensibilityGlobals) = postSolution
		SolutionGuid = {1A6334B4-40B8-4ED5-8BC8-C6F0442D535E}
	EndGlobalSection
EndGlobal
