
Microsoft Visual Studio Solution File, Format Version 12.00
# Visual Studio Version 17
VisualStudioVersion = 17.14.36603.0 d17.14
MinimumVisualStudioVersion = 10.0.40219.1
Project("{FAE04EC0-301F-11D3-BF4B-00C04F79EFBC}") = "Ch5SharedLibraryProject", "Ch5SharedLibraryProject\Ch5SharedLibraryProject.csproj", "{72A782BC-472C-474A-AF4F-A9FC9675C78D}"
EndProject
Project("{FAE04EC0-301F-11D3-BF4B-00C04F79EFBC}") = "FriendsApp", "FriendsApp\FriendsApp.csproj", "{957572CC-C0E4-4669-B49D-D3A61690A576}"
EndProject
Global
	GlobalSection(SolutionConfigurationPlatforms) = preSolution
		Debug|Any CPU = Debug|Any CPU
		Release|Any CPU = Release|Any CPU
	EndGlobalSection
	GlobalSection(ProjectConfigurationPlatforms) = postSolution
		{72A782BC-472C-474A-AF4F-A9FC9675C78D}.Debug|Any CPU.ActiveCfg = Debug|Any CPU
		{72A782BC-472C-474A-AF4F-A9FC9675C78D}.Debug|Any CPU.Build.0 = Debug|Any CPU
		{72A782BC-472C-474A-AF4F-A9FC9675C78D}.Release|Any CPU.ActiveCfg = Release|Any CPU
		{72A782BC-472C-474A-AF4F-A9FC9675C78D}.Release|Any CPU.Build.0 = Release|Any CPU
		{957572CC-C0E4-4669-B49D-D3A61690A576}.Debug|Any CPU.ActiveCfg = Debug|Any CPU
		{957572CC-C0E4-4669-B49D-D3A61690A576}.Debug|Any CPU.Build.0 = Debug|Any CPU
		{957572CC-C0E4-4669-B49D-D3A61690A576}.Release|Any CPU.ActiveCfg = Release|Any CPU
		{957572CC-C0E4-4669-B49D-D3A61690A576}.Release|Any CPU.Build.0 = Release|Any CPU
	EndGlobalSection
	GlobalSection(SolutionProperties) = preSolution
		HideSolutionNode = FALSE
	EndGlobalSection
	GlobalSection(ExtensibilityGlobals) = postSolution
		SolutionGuid = {E12A59F0-3ACE-49AA-9160-6091A69404C1}
	EndGlobalSection
EndGlobal
